
Microsoft Visual Studio Solution File, Format Version 12.00
# Visual Studio 15
VisualStudioVersion = 15.0.27004.2002
MinimumVisualStudioVersion = 10.0.40219.1
Project("{FAE04EC0-301F-11D3-BF4B-00C04F79EFBC}") = "ColorsLib", "ColorsLib\ColorsLib.csproj", "{3A1A8350-A7A4-40C2-B2EC-6DEBE457CF72}"
EndProject
Project("{FAE04EC0-301F-11D3-BF4B-00C04F79EFBC}") = "ThemesLib", "ThemesLib\ThemesLib.csproj", "{E5B57333-4F91-4936-BEDD-9A04E908A67C}"
EndProject
Project("{FAE04EC0-301F-11D3-BF4B-00C04F79EFBC}") = "CreateNugetPacket", "CreateNugetPacket\CreateNugetPacket.csproj", "{77D1E442-173E-415F-8939-6870FE4A04D7}"
	ProjectSection(ProjectDependencies) = postProject
		{E5B57333-4F91-4936-BEDD-9A04E908A67C} = {E5B57333-4F91-4936-BEDD-9A04E908A67C}
		{3A1A8350-A7A4-40C2-B2EC-6DEBE457CF72} = {3A1A8350-A7A4-40C2-B2EC-6DEBE457CF72}
	EndProjectSection
EndProject
Project("{2150E333-8FDC-42A3-9474-1A3956D46DE8}") = "Tests", "Tests", "{416AF42F-D1FA-4B57-9A37-7C193AEE4063}"
EndProject
Project("{FAE04EC0-301F-11D3-BF4B-00C04F79EFBC}") = "ColorComboBoxTextWpf", "Tests\ColorComboBoxTextWpf\ColorComboBoxTextWpf.csproj", "{3608872F-35D8-4B3B-B61C-3C4078102317}"
EndProject
Project("{FAE04EC0-301F-11D3-BF4B-00C04F79EFBC}") = "FitnessThemesTest1", "Tests\FitnessThemesTest1\FitnessThemesTest1.csproj", "{920A717A-1E1A-4E17-B4C6-A64CDB6C31A1}"
EndProject
Project("{FAE04EC0-301F-11D3-BF4B-00C04F79EFBC}") = "PasswordBox", "PasswordBox\PasswordBox.csproj", "{AD1F7640-7342-49DD-B521-FCF3FF7814BC}"
EndProject
Project("{FAE04EC0-301F-11D3-BF4B-00C04F79EFBC}") = "ControlsLibrary", "ControlsLibrary\ControlsLibrary.csproj", "{BD2819D2-0C7C-4236-8E07-69C1A717E296}"
EndProject
Project("{2150E333-8FDC-42A3-9474-1A3956D46DE8}") = "Nuget", "Nuget", "{3EF2DD41-51AA-42A0-A307-BAAD9DAE5327}"
EndProject
Project("{FAE04EC0-301F-11D3-BF4B-00C04F79EFBC}") = "WindowsTypeOneTest", "WindowsTypeOneTest\WindowsTypeOneTest.csproj", "{C8685B4E-45E9-4F0E-85ED-C4502BE756A3}"
EndProject
Project("{2150E333-8FDC-42A3-9474-1A3956D46DE8}") = "ColorsXml", "ColorsXml", "{B7138BCB-5803-433B-8866-42155371435E}"
	ProjectSection(SolutionItems) = preProject
		Colors.json = Colors.json
	EndProjectSection
EndProject
Project("{FAE04EC0-301F-11D3-BF4B-00C04F79EFBC}") = "ColorsXamlSync", "ColorsXamlSync\ColorsXamlSync.csproj", "{4D7D8A3D-6B6B-4428-A506-DF154EE1E8ED}"
EndProject
Project("{FAE04EC0-301F-11D3-BF4B-00C04F79EFBC}") = "LoginWindowTest", "LoginWindowTest\LoginWindowTest.csproj", "{3FA1188F-25E1-4902-96AB-E9B4D8760A1B}"
EndProject
Project("{2150E333-8FDC-42A3-9474-1A3956D46DE8}") = "VideoStreamTag", "VideoStreamTag", "{C23B764A-D804-4F07-8DC8-A324EE376BAE}"
EndProject
Project("{FAE04EC0-301F-11D3-BF4B-00C04F79EFBC}") = "VideoStreamTagControlsLibrary", "VideoStreamTag\VideoStreamTagControlsLibrary\VideoStreamTagControlsLibrary.csproj", "{D4F858BB-94DF-46AA-9532-11B25AA59BC6}"
EndProject
Project("{FAE04EC0-301F-11D3-BF4B-00C04F79EFBC}") = "MessageWindow", "Tests\MessageWindow\MessageWindow.csproj", "{2D8805E2-7A7C-493B-B36F-11FB1E731847}"
EndProject
Project("{FAE04EC0-301F-11D3-BF4B-00C04F79EFBC}") = "TeamSelectionWindowTest", "Tests\TeamSelectionWindowTest\TeamSelectionWindowTest.csproj", "{B347680C-9B16-42AA-A6C1-8CFA60570198}"
EndProject
Project("{2150E333-8FDC-42A3-9474-1A3956D46DE8}") = "VirCollection", "VirCollection", "{1DB4D0FE-34C1-44C7-B667-A123218419EC}"
EndProject
Project("{FAE04EC0-301F-11D3-BF4B-00C04F79EFBC}") = "VirCollectionConsole", "VirCollection\VirCollectionConsole\VirCollectionConsole.csproj", "{6E9D5E9C-348C-43A8-88BB-A710D22F1E21}"
EndProject
Project("{FAE04EC0-301F-11D3-BF4B-00C04F79EFBC}") = "WpfComboVirtCollection", "VirCollection\WpfComboVirtCollection\WpfComboVirtCollection.csproj", "{207299BC-7449-4634-8915-F9ECBA6C9433}"
EndProject
Project("{FAE04EC0-301F-11D3-BF4B-00C04F79EFBC}") = "VirtlistLib", "VirCollection\Virtlist\VirtlistLib.csproj", "{421ABA06-5812-4C8C-AD5C-1FA7F7B94B5A}"
EndProject
Project("{FAE04EC0-301F-11D3-BF4B-00C04F79EFBC}") = "TestMainWindow", "TestMainWindow\TestMainWindow.csproj", "{A131A8AF-8B75-477E-8202-C4D224A0736B}"
EndProject
Project("{FAE04EC0-301F-11D3-BF4B-00C04F79EFBC}") = "TestComboBoxes", "Tests\TestComboBoxes\TestComboBoxes.csproj", "{F1C8D4E8-79EA-47E4-828E-4FBA3393F28F}"
EndProject
Project("{FAE04EC0-301F-11D3-BF4B-00C04F79EFBC}") = "CreateMatchWindowWpfAppTest", "Tests\CreateMatchWindowWpfAppTest\CreateMatchWindowWpfAppTest.csproj", "{D84DE337-7141-4FB0-85B8-D4746CEB17BC}"
EndProject
Project("{FAE04EC0-301F-11D3-BF4B-00C04F79EFBC}") = "EditLineUpsWindowTest", "Tests\EditLineUpsWindowTest\EditLineUpsWindowTest.csproj", "{FB4452AC-4185-4FA0-9B66-A0004A6837B5}"
EndProject
Global
	GlobalSection(SolutionConfigurationPlatforms) = preSolution
		Debug|Any CPU = Debug|Any CPU
		Release|Any CPU = Release|Any CPU
	EndGlobalSection
	GlobalSection(ProjectConfigurationPlatforms) = postSolution
		{3A1A8350-A7A4-40C2-B2EC-6DEBE457CF72}.Debug|Any CPU.ActiveCfg = Debug|Any CPU
		{3A1A8350-A7A4-40C2-B2EC-6DEBE457CF72}.Debug|Any CPU.Build.0 = Debug|Any CPU
		{3A1A8350-A7A4-40C2-B2EC-6DEBE457CF72}.Release|Any CPU.ActiveCfg = Release|Any CPU
		{3A1A8350-A7A4-40C2-B2EC-6DEBE457CF72}.Release|Any CPU.Build.0 = Release|Any CPU
		{E5B57333-4F91-4936-BEDD-9A04E908A67C}.Debug|Any CPU.ActiveCfg = Debug|Any CPU
		{E5B57333-4F91-4936-BEDD-9A04E908A67C}.Debug|Any CPU.Build.0 = Debug|Any CPU
		{E5B57333-4F91-4936-BEDD-9A04E908A67C}.Release|Any CPU.ActiveCfg = Release|Any CPU
		{E5B57333-4F91-4936-BEDD-9A04E908A67C}.Release|Any CPU.Build.0 = Release|Any CPU
		{77D1E442-173E-415F-8939-6870FE4A04D7}.Debug|Any CPU.ActiveCfg = Debug|Any CPU
		{77D1E442-173E-415F-8939-6870FE4A04D7}.Debug|Any CPU.Build.0 = Debug|Any CPU
		{77D1E442-173E-415F-8939-6870FE4A04D7}.Release|Any CPU.ActiveCfg = Release|Any CPU
		{77D1E442-173E-415F-8939-6870FE4A04D7}.Release|Any CPU.Build.0 = Release|Any CPU
		{3608872F-35D8-4B3B-B61C-3C4078102317}.Debug|Any CPU.ActiveCfg = Debug|Any CPU
		{3608872F-35D8-4B3B-B61C-3C4078102317}.Debug|Any CPU.Build.0 = Debug|Any CPU
		{3608872F-35D8-4B3B-B61C-3C4078102317}.Release|Any CPU.ActiveCfg = Release|Any CPU
		{3608872F-35D8-4B3B-B61C-3C4078102317}.Release|Any CPU.Build.0 = Release|Any CPU
		{920A717A-1E1A-4E17-B4C6-A64CDB6C31A1}.Debug|Any CPU.ActiveCfg = Debug|Any CPU
		{920A717A-1E1A-4E17-B4C6-A64CDB6C31A1}.Debug|Any CPU.Build.0 = Debug|Any CPU
		{920A717A-1E1A-4E17-B4C6-A64CDB6C31A1}.Release|Any CPU.ActiveCfg = Release|Any CPU
		{920A717A-1E1A-4E17-B4C6-A64CDB6C31A1}.Release|Any CPU.Build.0 = Release|Any CPU
		{AD1F7640-7342-49DD-B521-FCF3FF7814BC}.Debug|Any CPU.ActiveCfg = Debug|Any CPU
		{AD1F7640-7342-49DD-B521-FCF3FF7814BC}.Debug|Any CPU.Build.0 = Debug|Any CPU
		{AD1F7640-7342-49DD-B521-FCF3FF7814BC}.Release|Any CPU.ActiveCfg = Release|Any CPU
		{AD1F7640-7342-49DD-B521-FCF3FF7814BC}.Release|Any CPU.Build.0 = Release|Any CPU
		{BD2819D2-0C7C-4236-8E07-69C1A717E296}.Debug|Any CPU.ActiveCfg = Debug|Any CPU
		{BD2819D2-0C7C-4236-8E07-69C1A717E296}.Debug|Any CPU.Build.0 = Debug|Any CPU
		{BD2819D2-0C7C-4236-8E07-69C1A717E296}.Release|Any CPU.ActiveCfg = Release|Any CPU
		{BD2819D2-0C7C-4236-8E07-69C1A717E296}.Release|Any CPU.Build.0 = Release|Any CPU
		{C8685B4E-45E9-4F0E-85ED-C4502BE756A3}.Debug|Any CPU.ActiveCfg = Debug|Any CPU
		{C8685B4E-45E9-4F0E-85ED-C4502BE756A3}.Debug|Any CPU.Build.0 = Debug|Any CPU
		{C8685B4E-45E9-4F0E-85ED-C4502BE756A3}.Release|Any CPU.ActiveCfg = Release|Any CPU
		{C8685B4E-45E9-4F0E-85ED-C4502BE756A3}.Release|Any CPU.Build.0 = Release|Any CPU
		{4D7D8A3D-6B6B-4428-A506-DF154EE1E8ED}.Debug|Any CPU.ActiveCfg = Debug|Any CPU
		{4D7D8A3D-6B6B-4428-A506-DF154EE1E8ED}.Debug|Any CPU.Build.0 = Debug|Any CPU
		{4D7D8A3D-6B6B-4428-A506-DF154EE1E8ED}.Release|Any CPU.ActiveCfg = Release|Any CPU
		{4D7D8A3D-6B6B-4428-A506-DF154EE1E8ED}.Release|Any CPU.Build.0 = Release|Any CPU
		{3FA1188F-25E1-4902-96AB-E9B4D8760A1B}.Debug|Any CPU.ActiveCfg = Debug|Any CPU
		{3FA1188F-25E1-4902-96AB-E9B4D8760A1B}.Debug|Any CPU.Build.0 = Debug|Any CPU
		{3FA1188F-25E1-4902-96AB-E9B4D8760A1B}.Release|Any CPU.ActiveCfg = Release|Any CPU
		{3FA1188F-25E1-4902-96AB-E9B4D8760A1B}.Release|Any CPU.Build.0 = Release|Any CPU
		{D4F858BB-94DF-46AA-9532-11B25AA59BC6}.Debug|Any CPU.ActiveCfg = Debug|Any CPU
		{D4F858BB-94DF-46AA-9532-11B25AA59BC6}.Debug|Any CPU.Build.0 = Debug|Any CPU
		{D4F858BB-94DF-46AA-9532-11B25AA59BC6}.Release|Any CPU.ActiveCfg = Release|Any CPU
		{D4F858BB-94DF-46AA-9532-11B25AA59BC6}.Release|Any CPU.Build.0 = Release|Any CPU
		{2D8805E2-7A7C-493B-B36F-11FB1E731847}.Debug|Any CPU.ActiveCfg = Debug|Any CPU
		{2D8805E2-7A7C-493B-B36F-11FB1E731847}.Debug|Any CPU.Build.0 = Debug|Any CPU
		{2D8805E2-7A7C-493B-B36F-11FB1E731847}.Release|Any CPU.ActiveCfg = Release|Any CPU
		{2D8805E2-7A7C-493B-B36F-11FB1E731847}.Release|Any CPU.Build.0 = Release|Any CPU
		{B347680C-9B16-42AA-A6C1-8CFA60570198}.Debug|Any CPU.ActiveCfg = Debug|Any CPU
		{B347680C-9B16-42AA-A6C1-8CFA60570198}.Debug|Any CPU.Build.0 = Debug|Any CPU
		{B347680C-9B16-42AA-A6C1-8CFA60570198}.Release|Any CPU.ActiveCfg = Release|Any CPU
		{B347680C-9B16-42AA-A6C1-8CFA60570198}.Release|Any CPU.Build.0 = Release|Any CPU
		{6E9D5E9C-348C-43A8-88BB-A710D22F1E21}.Debug|Any CPU.ActiveCfg = Debug|Any CPU
		{6E9D5E9C-348C-43A8-88BB-A710D22F1E21}.Debug|Any CPU.Build.0 = Debug|Any CPU
		{6E9D5E9C-348C-43A8-88BB-A710D22F1E21}.Release|Any CPU.ActiveCfg = Release|Any CPU
		{6E9D5E9C-348C-43A8-88BB-A710D22F1E21}.Release|Any CPU.Build.0 = Release|Any CPU
		{207299BC-7449-4634-8915-F9ECBA6C9433}.Debug|Any CPU.ActiveCfg = Debug|Any CPU
		{207299BC-7449-4634-8915-F9ECBA6C9433}.Debug|Any CPU.Build.0 = Debug|Any CPU
		{207299BC-7449-4634-8915-F9ECBA6C9433}.Release|Any CPU.ActiveCfg = Release|Any CPU
		{207299BC-7449-4634-8915-F9ECBA6C9433}.Release|Any CPU.Build.0 = Release|Any CPU
		{421ABA06-5812-4C8C-AD5C-1FA7F7B94B5A}.Debug|Any CPU.ActiveCfg = Debug|Any CPU
		{421ABA06-5812-4C8C-AD5C-1FA7F7B94B5A}.Debug|Any CPU.Build.0 = Debug|Any CPU
		{421ABA06-5812-4C8C-AD5C-1FA7F7B94B5A}.Release|Any CPU.ActiveCfg = Release|Any CPU
		{421ABA06-5812-4C8C-AD5C-1FA7F7B94B5A}.Release|Any CPU.Build.0 = Release|Any CPU
		{A131A8AF-8B75-477E-8202-C4D224A0736B}.Debug|Any CPU.ActiveCfg = Debug|Any CPU
		{A131A8AF-8B75-477E-8202-C4D224A0736B}.Debug|Any CPU.Build.0 = Debug|Any CPU
		{A131A8AF-8B75-477E-8202-C4D224A0736B}.Release|Any CPU.ActiveCfg = Release|Any CPU
		{A131A8AF-8B75-477E-8202-C4D224A0736B}.Release|Any CPU.Build.0 = Release|Any CPU
		{F1C8D4E8-79EA-47E4-828E-4FBA3393F28F}.Debug|Any CPU.ActiveCfg = Debug|Any CPU
		{F1C8D4E8-79EA-47E4-828E-4FBA3393F28F}.Debug|Any CPU.Build.0 = Debug|Any CPU
		{F1C8D4E8-79EA-47E4-828E-4FBA3393F28F}.Release|Any CPU.ActiveCfg = Release|Any CPU
		{F1C8D4E8-79EA-47E4-828E-4FBA3393F28F}.Release|Any CPU.Build.0 = Release|Any CPU
		{D84DE337-7141-4FB0-85B8-D4746CEB17BC}.Debug|Any CPU.ActiveCfg = Debug|Any CPU
		{D84DE337-7141-4FB0-85B8-D4746CEB17BC}.Debug|Any CPU.Build.0 = Debug|Any CPU
		{D84DE337-7141-4FB0-85B8-D4746CEB17BC}.Release|Any CPU.ActiveCfg = Release|Any CPU
		{D84DE337-7141-4FB0-85B8-D4746CEB17BC}.Release|Any CPU.Build.0 = Release|Any CPU
		{FB4452AC-4185-4FA0-9B66-A0004A6837B5}.Debug|Any CPU.ActiveCfg = Debug|Any CPU
		{FB4452AC-4185-4FA0-9B66-A0004A6837B5}.Debug|Any CPU.Build.0 = Debug|Any CPU
		{FB4452AC-4185-4FA0-9B66-A0004A6837B5}.Release|Any CPU.ActiveCfg = Release|Any CPU
		{FB4452AC-4185-4FA0-9B66-A0004A6837B5}.Release|Any CPU.Build.0 = Release|Any CPU
	EndGlobalSection
	GlobalSection(SolutionProperties) = preSolution
		HideSolutionNode = FALSE
	EndGlobalSection
	GlobalSection(NestedProjects) = preSolution
		{77D1E442-173E-415F-8939-6870FE4A04D7} = {3EF2DD41-51AA-42A0-A307-BAAD9DAE5327}
		{3608872F-35D8-4B3B-B61C-3C4078102317} = {416AF42F-D1FA-4B57-9A37-7C193AEE4063}
		{920A717A-1E1A-4E17-B4C6-A64CDB6C31A1} = {416AF42F-D1FA-4B57-9A37-7C193AEE4063}
		{AD1F7640-7342-49DD-B521-FCF3FF7814BC} = {416AF42F-D1FA-4B57-9A37-7C193AEE4063}
		{C8685B4E-45E9-4F0E-85ED-C4502BE756A3} = {416AF42F-D1FA-4B57-9A37-7C193AEE4063}
		{3FA1188F-25E1-4902-96AB-E9B4D8760A1B} = {416AF42F-D1FA-4B57-9A37-7C193AEE4063}
		{D4F858BB-94DF-46AA-9532-11B25AA59BC6} = {C23B764A-D804-4F07-8DC8-A324EE376BAE}
		{2D8805E2-7A7C-493B-B36F-11FB1E731847} = {416AF42F-D1FA-4B57-9A37-7C193AEE4063}
		{B347680C-9B16-42AA-A6C1-8CFA60570198} = {416AF42F-D1FA-4B57-9A37-7C193AEE4063}
		{6E9D5E9C-348C-43A8-88BB-A710D22F1E21} = {1DB4D0FE-34C1-44C7-B667-A123218419EC}
		{207299BC-7449-4634-8915-F9ECBA6C9433} = {1DB4D0FE-34C1-44C7-B667-A123218419EC}
		{421ABA06-5812-4C8C-AD5C-1FA7F7B94B5A} = {1DB4D0FE-34C1-44C7-B667-A123218419EC}
		{A131A8AF-8B75-477E-8202-C4D224A0736B} = {416AF42F-D1FA-4B57-9A37-7C193AEE4063}
		{F1C8D4E8-79EA-47E4-828E-4FBA3393F28F} = {416AF42F-D1FA-4B57-9A37-7C193AEE4063}
		{D84DE337-7141-4FB0-85B8-D4746CEB17BC} = {416AF42F-D1FA-4B57-9A37-7C193AEE4063}
		{FB4452AC-4185-4FA0-9B66-A0004A6837B5} = {416AF42F-D1FA-4B57-9A37-7C193AEE4063}
	EndGlobalSection
	GlobalSection(ExtensibilityGlobals) = postSolution
		SolutionGuid = {D84E3AA3-5EA4-4E40-9363-DE86812DC859}
	EndGlobalSection
EndGlobal
